// !$*UTF8*$!
{
	archiveVersion = 1;
	classes = {
	};
	objectVersion = 48;
	objects = {

/* Begin PBXBuildFile section */
		FFDEA44420ACF81600B60AB4 /* AppDelegate.swift in Sources */ = {isa = PBXBuildFile; fileRef = FFDEA44320ACF81600B60AB4 /* AppDelegate.swift */; };
		FFDEA44620ACF81600B60AB4 /* ViewController.swift in Sources */ = {isa = PBXBuildFile; fileRef = FFDEA44520ACF81600B60AB4 /* ViewController.swift */; };
		FFDEA44920ACF81600B60AB4 /* Main.storyboard in Resources */ = {isa = PBXBuildFile; fileRef = FFDEA44720ACF81600B60AB4 /* Main.storyboard */; };
		FFDEA44B20ACF81600B60AB4 /* Assets.xcassets in Resources */ = {isa = PBXBuildFile; fileRef = FFDEA44A20ACF81600B60AB4 /* Assets.xcassets */; };
		FFDEA44E20ACF81600B60AB4 /* LaunchScreen.storyboard in Resources */ = {isa = PBXBuildFile; fileRef = FFDEA44C20ACF81600B60AB4 /* LaunchScreen.storyboard */; };
		FFDEA45620AD24FE00B60AB4 /* Bmi.swift in Sources */ = {isa = PBXBuildFile; fileRef = FFDEA45520AD24FE00B60AB4 /* Bmi.swift */; };
		FFDEA45F20AD3B6700B60AB4 /* BmiModel.xcdatamodeld in Sources */ = {isa = PBXBuildFile; fileRef = FFDEA45D20AD3B6700B60AB4 /* BmiModel.xcdatamodeld */; };
/* End PBXBuildFile section */

/* Begin PBXFileReference section */
		FFDEA44020ACF81600B60AB4 /* MyBMI.app */ = {isa = PBXFileReference; explicitFileType = wrapper.application; includeInIndex = 0; path = MyBMI.app; sourceTree = BUILT_PRODUCTS_DIR; };
		FFDEA44320ACF81600B60AB4 /* AppDelegate.swift */ = {isa = PBXFileReference; lastKnownFileType = sourcecode.swift; path = AppDelegate.swift; sourceTree = "<group>"; };
		FFDEA44520ACF81600B60AB4 /* ViewController.swift */ = {isa = PBXFileReference; lastKnownFileType = sourcecode.swift; path = ViewController.swift; sourceTree = "<group>"; };
		FFDEA44820ACF81600B60AB4 /* Base */ = {isa = PBXFileReference; lastKnownFileType = file.storyboard; name = Base; path = Base.lproj/Main.storyboard; sourceTree = "<group>"; };
		FFDEA44A20ACF81600B60AB4 /* Assets.xcassets */ = {isa = PBXFileReference; lastKnownFileType = folder.assetcatalog; path = Assets.xcassets; sourceTree = "<group>"; };
		FFDEA44D20ACF81600B60AB4 /* Base */ = {isa = PBXFileReference; lastKnownFileType = file.storyboard; name = Base; path = Base.lproj/LaunchScreen.storyboard; sourceTree = "<group>"; };
		FFDEA44F20ACF81600B60AB4 /* Info.plist */ = {isa = PBXFileReference; lastKnownFileType = text.plist.xml; path = Info.plist; sourceTree = "<group>"; };
		FFDEA45520AD24FE00B60AB4 /* Bmi.swift */ = {isa = PBXFileReference; lastKnownFileType = sourcecode.swift; path = Bmi.swift; sourceTree = "<group>"; };
		FFDEA45E20AD3B6700B60AB4 /* BmiModel.xcdatamodel */ = {isa = PBXFileReference; lastKnownFileType = wrapper.xcdatamodel; path = BmiModel.xcdatamodel; sourceTree = "<group>"; };
/* End PBXFileReference section */

/* Begin PBXFrameworksBuildPhase section */
		FFDEA43D20ACF81600B60AB4 /* Frameworks */ = {
			isa = PBXFrameworksBuildPhase;
			buildActionMask = 2147483647;
			files = (
			);
			runOnlyForDeploymentPostprocessing = 0;
		};
/* End PBXFrameworksBuildPhase section */

/* Begin PBXGroup section */
		FFDEA43720ACF81600B60AB4 = {
			isa = PBXGroup;
			children = (
				FFDEA44220ACF81600B60AB4 /* MyBMI */,
				FFDEA44120ACF81600B60AB4 /* Products */,
			);
			sourceTree = "<group>";
		};
		FFDEA44120ACF81600B60AB4 /* Products */ = {
			isa = PBXGroup;
			children = (
				FFDEA44020ACF81600B60AB4 /* MyBMI.app */,
			);
			name = Products;
			sourceTree = "<group>";
		};
		FFDEA44220ACF81600B60AB4 /* MyBMI */ = {
			isa = PBXGroup;
			children = (
				FFDEA44320ACF81600B60AB4 /* AppDelegate.swift */,
				FFDEA44520ACF81600B60AB4 /* ViewController.swift */,
				FFDEA44720ACF81600B60AB4 /* Main.storyboard */,
				FFDEA45D20AD3B6700B60AB4 /* BmiModel.xcdatamodeld */,
				FFDEA44A20ACF81600B60AB4 /* Assets.xcassets */,
				FFDEA44C20ACF81600B60AB4 /* LaunchScreen.storyboard */,
				FFDEA44F20ACF81600B60AB4 /* Info.plist */,
				FFDEA45520AD24FE00B60AB4 /* Bmi.swift */,
			);
			path = MyBMI;
			sourceTree = "<group>";
		};
/* End PBXGroup section */

/* Begin PBXNativeTarget section */
		FFDEA43F20ACF81600B60AB4 /* MyBMI */ = {
			isa = PBXNativeTarget;
			buildConfigurationList = FFDEA45220ACF81600B60AB4 /* Build configuration list for PBXNativeTarget "MyBMI" */;
			buildPhases = (
				FFDEA43C20ACF81600B60AB4 /* Sources */,
				FFDEA43D20ACF81600B60AB4 /* Frameworks */,
				FFDEA43E20ACF81600B60AB4 /* Resources */,
			);
			buildRules = (
			);
			dependencies = (
			);
			name = MyBMI;
			productName = MyBMI;
			productReference = FFDEA44020ACF81600B60AB4 /* MyBMI.app */;
			productType = "com.apple.product-type.application";
		};
/* End PBXNativeTarget section */

/* Begin PBXProject section */
		FFDEA43820ACF81600B60AB4 /* Project object */ = {
			isa = PBXProject;
			attributes = {
				LastSwiftUpdateCheck = 0920;
				LastUpgradeCheck = 0930;
				ORGANIZATIONNAME = "Khiem Vo";
				TargetAttributes = {
					FFDEA43F20ACF81600B60AB4 = {
						CreatedOnToolsVersion = 9.2;
						ProvisioningStyle = Automatic;
					};
				};
			};
			buildConfigurationList = FFDEA43B20ACF81600B60AB4 /* Build configuration list for PBXProject "MyBMI" */;
			compatibilityVersion = "Xcode 8.0";
			developmentRegion = en;
			hasScannedForEncodings = 0;
			knownRegions = (
				en,
				Base,
			);
			mainGroup = FFDEA43720ACF81600B60AB4;
			productRefGroup = FFDEA44120ACF81600B60AB4 /* Products */;
			projectDirPath = "";
			projectRoot = "";
			targets = (
				FFDEA43F20ACF81600B60AB4 /* MyBMI */,
			);
		};
/* End PBXProject section */

/* Begin PBXResourcesBuildPhase section */
		FFDEA43E20ACF81600B60AB4 /* Resources */ = {
			isa = PBXResourcesBuildPhase;
			buildActionMask = 2147483647;
			files = (
				FFDEA44E20ACF81600B60AB4 /* LaunchScreen.storyboard in Resources */,
				FFDEA44B20ACF81600B60AB4 /* Assets.xcassets in Resources */,
				FFDEA44920ACF81600B60AB4 /* Main.storyboard in Resources */,
			);
			runOnlyForDeploymentPostprocessing = 0;
		};
/* End PBXResourcesBuildPhase section */

/* Begin PBXSourcesBuildPhase section */
		FFDEA43C20ACF81600B60AB4 /* Sources */ = {
			isa = PBXSourcesBuildPhase;
			buildActionMask = 2147483647;
			files = (
				FFDEA45620AD24FE00B60AB4 /* Bmi.swift in Sources */,
				FFDEA44620ACF81600B60AB4 /* ViewController.swift in Sources */,
				FFDEA45F20AD3B6700B60AB4 /* BmiModel.xcdatamodeld in Sources */,
				FFDEA44420ACF81600B60AB4 /* AppDelegate.swift in Sources */,
			);
			runOnlyForDeploymentPostprocessing = 0;
		};
/* End PBXSourcesBuildPhase section */

/* Begin PBXVariantGroup section */
		FFDEA44720ACF81600B60AB4 /* Main.storyboard */ = {
			isa = PBXVariantGroup;
			children = (
				FFDEA44820ACF81600B60AB4 /* Base */,
			);
			name = Main.storyboard;
			sourceTree = "<group>";
		};
		FFDEA44C20ACF81600B60AB4 /* LaunchScreen.storyboard */ = {
			isa = PBXVariantGroup;
			children = (
				FFDEA44D20ACF81600B60AB4 /* Base */,
			);
			name = LaunchScreen.storyboard;
			sourceTree = "<group>";
		};
/* End PBXVariantGroup section */

/* Begin XCBuildConfiguration section */
		FFDEA45020ACF81600B60AB4 /* Debug */ = {
			isa = XCBuildConfiguration;
			buildSettings = {
				ALWAYS_SEARCH_USER_PATHS = NO;
				CLANG_ANALYZER_NONNULL = YES;
				CLANG_ANALYZER_NUMBER_OBJECT_CONVERSION = YES_AGGRESSIVE;
				CLANG_CXX_LANGUAGE_STANDARD = "gnu++14";
				CLANG_CXX_LIBRARY = "libc++";
				CLANG_ENABLE_MODULES = YES;
				CLANG_ENABLE_OBJC_ARC = YES;
				CLANG_WARN_BLOCK_CAPTURE_AUTORELEASING = YES;
				CLANG_WARN_BOOL_CONVERSION = YES;
				CLANG_WARN_COMMA = YES;
				CLANG_WARN_CONSTANT_CONVERSION = YES;
				CLANG_WARN_DEPRECATED_OBJC_IMPLEMENTATIONS = YES;
				CLANG_WARN_DIRECT_OBJC_ISA_USAGE = YES_ERROR;
				CLANG_WARN_DOCUMENTATION_COMMENTS = YES;
				CLANG_WARN_EMPTY_BODY = YES;
				CLANG_WARN_ENUM_CONVERSION = YES;
				CLANG_WARN_INFINITE_RECURSION = YES;
				CLANG_WARN_INT_CONVERSION = YES;
				CLANG_WARN_NON_LITERAL_NULL_CONVERSION = YES;
				CLANG_WARN_OBJC_IMPLICIT_RETAIN_SELF = YES;
				CLANG_WARN_OBJC_LITERAL_CONVERSION = YES;
				CLANG_WARN_OBJC_ROOT_CLASS = YES_ERROR;
				CLANG_WARN_RANGE_LOOP_ANALYSIS = YES;
				CLANG_WARN_STRICT_PROTOTYPES = YES;
				CLANG_WARN_SUSPICIOUS_MOVE = YES;
				CLANG_WARN_UNGUARDED_AVAILABILITY = YES_AGGRESSIVE;
				CLANG_WARN_UNREACHABLE_CODE = YES;
				CLANG_WARN__DUPLICATE_METHOD_MATCH = YES;
				CODE_SIGN_IDENTITY = "iPhone Developer";
				COPY_PHASE_STRIP = NO;
				DEBUG_INFORMATION_FORMAT = dwarf;
				ENABLE_STRICT_OBJC_MSGSEND = YES;
				ENABLE_TESTABILITY = YES;
				GCC_C_LANGUAGE_STANDARD = gnu11;
				GCC_DYNAMIC_NO_PIC = NO;
				GCC_NO_COMMON_BLOCKS = YES;
				GCC_OPTIMIZATION_LEVEL = 0;
				GCC_PREPROCESSOR_DEFINITIONS = (
					"DEBUG=1",
					"$(inherited)",
				);
				GCC_WARN_64_TO_32_BIT_CONVERSION = YES;
				GCC_WARN_ABOUT_RETURN_TYPE = YES_ERROR;
				GCC_WARN_UNDECLARED_SELECTOR = YES;
				GCC_WARN_UNINITIALIZED_AUTOS = YES_AGGRESSIVE;
				GCC_WARN_UNUSED_FUNCTION = YES;
				GCC_WARN_UNUSED_VARIABLE = YES;
				IPHONEOS_DEPLOYMENT_TARGET = 11.2;
				MTL_ENABLE_DEBUG_INFO = YES;
				ONLY_ACTIVE_ARCH = YES;
				SDKROOT = iphoneos;
				SWIFT_ACTIVE_COMPILATION_CONDITIONS = DEBUG;
				SWIFT_OPTIMIZATION_LEVEL = "-Onone";
			};
			name = Debug;
		};
		FFDEA45120ACF81600B60AB4 /* Release */ = {
			isa = XCBuildConfiguration;
			buildSettings = {
				ALWAYS_SEARCH_USER_PATHS = NO;
				CLANG_ANALYZER_NONNULL = YES;
				CLANG_ANALYZER_NUMBER_OBJECT_CONVERSION = YES_AGGRESSIVE;
				CLANG_CXX_LANGUAGE_STANDARD = "gnu++14";
				CLANG_CXX_LIBRARY = "libc++";
				CLANG_ENABLE_MODULES = YES;
				CLANG_ENABLE_OBJC_ARC = YES;
				CLANG_WARN_BLOCK_CAPTURE_AUTORELEASING = YES;
				CLANG_WARN_BOOL_CONVERSION = YES;
				CLANG_WARN_COMMA = YES;
				CLANG_WARN_CONSTANT_CONVERSION = YES;
				CLANG_WARN_DEPRECATED_OBJC_IMPLEMENTATIONS = YES;
				CLANG_WARN_DIRECT_OBJC_ISA_USAGE = YES_ERROR;
				CLANG_WARN_DOCUMENTATION_COMMENTS = YES;
				CLANG_WARN_EMPTY_BODY = YES;
				CLANG_WARN_ENUM_CONVERSION = YES;
				CLANG_WARN_INFINITE_RECURSION = YES;
				CLANG_WARN_INT_CONVERSION = YES;
				CLANG_WARN_NON_LITERAL_NULL_CONVERSION = YES;
				CLANG_WARN_OBJC_IMPLICIT_RETAIN_SELF = YES;
				CLANG_WARN_OBJC_LITERAL_CONVERSION = YES;
				CLANG_WARN_OBJC_ROOT_CLASS = YES_ERROR;
				CLANG_WARN_RANGE_LOOP_ANALYSIS = YES;
				CLANG_WARN_STRICT_PROTOTYPES = YES;
				CLANG_WARN_SUSPICIOUS_MOVE = YES;
				CLANG_WARN_UNGUARDED_AVAILABILITY = YES_AGGRESSIVE;
				CLANG_WARN_UNREACHABLE_CODE = YES;
				CLANG_WARN__DUPLICATE_METHOD_MATCH = YES;
				CODE_SIGN_IDENTITY = "iPhone Developer";
				COPY_PHASE_STRIP = NO;
				DEBUG_INFORMATION_FORMAT = "dwarf-with-dsym";
				ENABLE_NS_ASSERTIONS = NO;
				ENABLE_STRICT_OBJC_MSGSEND = YES;
				GCC_C_LANGUAGE_STANDARD = gnu11;
				GCC_NO_COMMON_BLOCKS = YES;
				GCC_WARN_64_TO_32_BIT_CONVERSION = YES;
				GCC_WARN_ABOUT_RETURN_TYPE = YES_ERROR;
				GCC_WARN_UNDECLARED_SELECTOR = YES;
				GCC_WARN_UNINITIALIZED_AUTOS = YES_AGGRESSIVE;
				GCC_WARN_UNUSED_FUNCTION = YES;
				GCC_WARN_UNUSED_VARIABLE = YES;
				IPHONEOS_DEPLOYMENT_TARGET = 11.2;
				MTL_ENABLE_DEBUG_INFO = NO;
				SDKROOT = iphoneos;
				SWIFT_OPTIMIZATION_LEVEL = "-Owholemodule";
				VALIDATE_PRODUCT = YES;
			};
			name = Release;
		};
		FFDEA45320ACF81600B60AB4 /* Debug */ = {
			isa = XCBuildConfiguration;
			buildSettings = {
				ASSETCATALOG_COMPILER_APPICON_NAME = AppIcon;
				CODE_SIGN_STYLE = Automatic;
				INFOPLIST_FILE = MyBMI/Info.plist;
				LD_RUNPATH_SEARCH_PATHS = "$(inherited) @executable_path/Frameworks";
				PRODUCT_BUNDLE_IDENTIFIER = DKVO.MyBMI;
				PRODUCT_NAME = "$(TARGET_NAME)";
				SWIFT_VERSION = 4.0;
				TARGETED_DEVICE_FAMILY = "1,2";
			};
			name = Debug;
		};
		FFDEA45420ACF81600B60AB4 /* Release */ = {
			isa = XCBuildConfiguration;
			buildSettings = {
				ASSETCATALOG_COMPILER_APPICON_NAME = AppIcon;
				CODE_SIGN_STYLE = Automatic;
				INFOPLIST_FILE = MyBMI/Info.plist;
				LD_RUNPATH_SEARCH_PATHS = "$(inherited) @executable_path/Frameworks";
				PRODUCT_BUNDLE_IDENTIFIER = DKVO.MyBMI;
				PRODUCT_NAME = "$(TARGET_NAME)";
				SWIFT_VERSION = 4.0;
				TARGETED_DEVICE_FAMILY = "1,2";
			};
			name = Release;
		};
/* End XCBuildConfiguration section */

/* Begin XCConfigurationList section */
		FFDEA43B20ACF81600B60AB4 /* Build configuration list for PBXProject "MyBMI" */ = {
			isa = XCConfigurationList;
			buildConfigurations = (
				FFDEA45020ACF81600B60AB4 /* Debug */,
				FFDEA45120ACF81600B60AB4 /* Release */,
			);
			defaultConfigurationIsVisible = 0;
			defaultConfigurationName = Release;
		};
		FFDEA45220ACF81600B60AB4 /* Build configuration list for PBXNativeTarget "MyBMI" */ = {
			isa = XCConfigurationList;
			buildConfigurations = (
				FFDEA45320ACF81600B60AB4 /* Debug */,
				FFDEA45420ACF81600B60AB4 /* Release */,
			);
			defaultConfigurationIsVisible = 0;
			defaultConfigurationName = Release;
		};
/* End XCConfigurationList section */

/* Begin XCVersionGroup section */
		FFDEA45D20AD3B6700B60AB4 /* BmiModel.xcdatamodeld */ = {
			isa = XCVersionGroup;
			children = (
				FFDEA45E20AD3B6700B60AB4 /* BmiModel.xcdatamodel */,
			);
			currentVersion = FFDEA45E20AD3B6700B60AB4 /* BmiModel.xcdatamodel */;
			path = BmiModel.xcdatamodeld;
			sourceTree = "<group>";
			versionGroupType = wrapper.xcdatamodel;
		};
/* End XCVersionGroup section */
	};
	rootObject = FFDEA43820ACF81600B60AB4 /* Project object */;
}
